{
  "originHash" : "3957d2d68daac99cc18f514276892ab98a9b319904bccfd995ec7be85b1f762e",
  "pins" : [
    {
      "identity" : "sparkle",
      "kind" : "remoteSourceControl",
      "location" : "https://github.com/sparkle-project/Sparkle",
      "state" : {
        "revision" : "ac2def288cbff5cfc7df3ffef6abdf45b72bcb0a",
        "version" : "2.9.6"
      }
    }
  ],
  "version" : 3
}
